// !$*UTF8*$!
{
	archiveVersion = 1;
	classes = {
	};
	objectVersion = 50;
	objects = {

/* Begin PBXBuildFile section */
		8409BA9D230179900047B005 /* AppDelegate.swift in Sources */ = {isa = PBXBuildFile; fileRef = 8409BA9C230179900047B005 /* AppDelegate.swift */; };
		8409BAA2230179900047B005 /* Main.storyboard in Resources */ = {isa = PBXBuildFile; fileRef = 8409BAA0230179900047B005 /* Main.storyboard */; };
		8409BAA4230179910047B005 /* Assets.xcassets in Resources */ = {isa = PBXBuildFile; fileRef = 8409BAA3230179910047B005 /* Assets.xcassets */; };
		8409BAA7230179910047B005 /* LaunchScreen.storyboard in Resources */ = {isa = PBXBuildFile; fileRef = 8409BAA5230179910047B005 /* LaunchScreen.storyboard */; };
		8409BAAF23017A4A0047B005 /* PreviewPage.swift in Sources */ = {isa = PBXBuildFile; fileRef = 8409BAAE23017A4A0047B005 /* PreviewPage.swift */; };
		8409BAB123017BB10047B005 /* CatsCell.swift in Sources */ = {isa = PBXBuildFile; fileRef = 8409BAB023017BB10047B005 /* CatsCell.swift */; };
		8409BAB3230189290047B005 /* StackView.swift in Sources */ = {isa = PBXBuildFile; fileRef = 8409BAB2230189290047B005 /* StackView.swift */; };
		84E59C062302BE1B0043ECFC /* Recipes.swift in Sources */ = {isa = PBXBuildFile; fileRef = 84E59C052302BE1B0043ECFC /* Recipes.swift */; };
		84E59C082302BE2C0043ECFC /* Saved.swift in Sources */ = {isa = PBXBuildFile; fileRef = 84E59C072302BE2C0043ECFC /* Saved.swift */; };
/* End PBXBuildFile section */

/* Begin PBXFileReference section */
		8409BA99230179900047B005 /* WorkingWithUIKit4.app */ = {isa = PBXFileReference; explicitFileType = wrapper.application; includeInIndex = 0; path = WorkingWithUIKit4.app; sourceTree = BUILT_PRODUCTS_DIR; };
		8409BA9C230179900047B005 /* AppDelegate.swift */ = {isa = PBXFileReference; lastKnownFileType = sourcecode.swift; path = AppDelegate.swift; sourceTree = "<group>"; };
		8409BAA1230179900047B005 /* Base */ = {isa = PBXFileReference; lastKnownFileType = file.storyboard; name = Base; path = Base.lproj/Main.storyboard; sourceTree = "<group>"; };
		8409BAA3230179910047B005 /* Assets.xcassets */ = {isa = PBXFileReference; lastKnownFileType = folder.assetcatalog; path = Assets.xcassets; sourceTree = "<group>"; };
		8409BAA6230179910047B005 /* Base */ = {isa = PBXFileReference; lastKnownFileType = file.storyboard; name = Base; path = Base.lproj/LaunchScreen.storyboard; sourceTree = "<group>"; };
		8409BAA8230179910047B005 /* Info.plist */ = {isa = PBXFileReference; lastKnownFileType = text.plist.xml; path = Info.plist; sourceTree = "<group>"; };
		8409BAAE23017A4A0047B005 /* PreviewPage.swift */ = {isa = PBXFileReference; lastKnownFileType = sourcecode.swift; path = PreviewPage.swift; sourceTree = "<group>"; };
		8409BAB023017BB10047B005 /* CatsCell.swift */ = {isa = PBXFileReference; lastKnownFileType = sourcecode.swift; path = CatsCell.swift; sourceTree = "<group>"; };
		8409BAB2230189290047B005 /* StackView.swift */ = {isa = PBXFileReference; lastKnownFileType = sourcecode.swift; path = StackView.swift; sourceTree = "<group>"; };
		84E59C052302BE1B0043ECFC /* Recipes.swift */ = {isa = PBXFileReference; lastKnownFileType = sourcecode.swift; path = Recipes.swift; sourceTree = "<group>"; };
		84E59C072302BE2C0043ECFC /* Saved.swift */ = {isa = PBXFileReference; lastKnownFileType = sourcecode.swift; path = Saved.swift; sourceTree = "<group>"; };
/* End PBXFileReference section */

/* Begin PBXFrameworksBuildPhase section */
		8409BA96230179900047B005 /* Frameworks */ = {
			isa = PBXFrameworksBuildPhase;
			buildActionMask = 2147483647;
			files = (
			);
			runOnlyForDeploymentPostprocessing = 0;
		};
/* End PBXFrameworksBuildPhase section */

/* Begin PBXGroup section */
		8409BA90230179900047B005 = {
			isa = PBXGroup;
			children = (
				8409BA9B230179900047B005 /* WorkingWithUIKit4 */,
				8409BA9A230179900047B005 /* Products */,
			);
			sourceTree = "<group>";
		};
		8409BA9A230179900047B005 /* Products */ = {
			isa = PBXGroup;
			children = (
				8409BA99230179900047B005 /* WorkingWithUIKit4.app */,
			);
			name = Products;
			sourceTree = "<group>";
		};
		8409BA9B230179900047B005 /* WorkingWithUIKit4 */ = {
			isa = PBXGroup;
			children = (
				8409BA9C230179900047B005 /* AppDelegate.swift */,
				8409BAAE23017A4A0047B005 /* PreviewPage.swift */,
				8409BAB023017BB10047B005 /* CatsCell.swift */,
				8409BAB2230189290047B005 /* StackView.swift */,
				84E59C052302BE1B0043ECFC /* Recipes.swift */,
				84E59C072302BE2C0043ECFC /* Saved.swift */,
				8409BAA0230179900047B005 /* Main.storyboard */,
				8409BAA3230179910047B005 /* Assets.xcassets */,
				8409BAA5230179910047B005 /* LaunchScreen.storyboard */,
				8409BAA8230179910047B005 /* Info.plist */,
			);
			path = WorkingWithUIKit4;
			sourceTree = "<group>";
		};
/* End PBXGroup section */

/* Begin PBXNativeTarget section */
		8409BA98230179900047B005 /* WorkingWithUIKit4 */ = {
			isa = PBXNativeTarget;
			buildConfigurationList = 8409BAAB230179910047B005 /* Build configuration list for PBXNativeTarget "WorkingWithUIKit4" */;
			buildPhases = (
				8409BA95230179900047B005 /* Sources */,
				8409BA96230179900047B005 /* Frameworks */,
				8409BA97230179900047B005 /* Resources */,
			);
			buildRules = (
			);
			dependencies = (
			);
			name = WorkingWithUIKit4;
			productName = WorkingWithUIKit4;
			productReference = 8409BA99230179900047B005 /* WorkingWithUIKit4.app */;
			productType = "com.apple.product-type.application";
		};
/* End PBXNativeTarget section */

/* Begin PBXProject section */
		8409BA91230179900047B005 /* Project object */ = {
			isa = PBXProject;
			attributes = {
				LastSwiftUpdateCheck = 1030;
				LastUpgradeCheck = 1030;
				ORGANIZATIONNAME = "Nika Perepelkina";
				TargetAttributes = {
					8409BA98230179900047B005 = {
						CreatedOnToolsVersion = 10.3;
					};
				};
			};
			buildConfigurationList = 8409BA94230179900047B005 /* Build configuration list for PBXProject "WorkingWithUIKit4" */;
			compatibilityVersion = "Xcode 9.3";
			developmentRegion = en;
			hasScannedForEncodings = 0;
			knownRegions = (
				en,
				Base,
			);
			mainGroup = 8409BA90230179900047B005;
			productRefGroup = 8409BA9A230179900047B005 /* Products */;
			projectDirPath = "";
			projectRoot = "";
			targets = (
				8409BA98230179900047B005 /* WorkingWithUIKit4 */,
			);
		};
/* End PBXProject section */

/* Begin PBXResourcesBuildPhase section */
		8409BA97230179900047B005 /* Resources */ = {
			isa = PBXResourcesBuildPhase;
			buildActionMask = 2147483647;
			files = (
				8409BAA7230179910047B005 /* LaunchScreen.storyboard in Resources */,
				8409BAA4230179910047B005 /* Assets.xcassets in Resources */,
				8409BAA2230179900047B005 /* Main.storyboard in Resources */,
			);
			runOnlyForDeploymentPostprocessing = 0;
		};
/* End PBXResourcesBuildPhase section */

/* Begin PBXSourcesBuildPhase section */
		8409BA95230179900047B005 /* Sources */ = {
			isa = PBXSourcesBuildPhase;
			buildActionMask = 2147483647;
			files = (
				84E59C062302BE1B0043ECFC /* Recipes.swift in Sources */,
				8409BAB123017BB10047B005 /* CatsCell.swift in Sources */,
				8409BA9D230179900047B005 /* AppDelegate.swift in Sources */,
				84E59C082302BE2C0043ECFC /* Saved.swift in Sources */,
				8409BAAF23017A4A0047B005 /* PreviewPage.swift in Sources */,
				8409BAB3230189290047B005 /* StackView.swift in Sources */,
			);
			runOnlyForDeploymentPostprocessing = 0;
		};
/* End PBXSourcesBuildPhase section */

/* Begin PBXVariantGroup section */
		8409BAA0230179900047B005 /* Main.storyboard */ = {
			isa = PBXVariantGroup;
			children = (
				8409BAA1230179900047B005 /* Base */,
			);
			name = Main.storyboard;
			sourceTree = "<group>";
		};
		8409BAA5230179910047B005 /* LaunchScreen.storyboard */ = {
			isa = PBXVariantGroup;
			children = (
				8409BAA6230179910047B005 /* Base */,
			);
			name = LaunchScreen.storyboard;
			sourceTree = "<group>";
		};
/* End PBXVariantGroup section */

/* Begin XCBuildConfiguration section */
		8409BAA9230179910047B005 /* Debug */ = {
			isa = XCBuildConfiguration;
			buildSettings = {
				ALWAYS_SEARCH_USER_PATHS = NO;
				CLANG_ANALYZER_NONNULL = YES;
				CLANG_ANALYZER_NUMBER_OBJECT_CONVERSION = YES_AGGRESSIVE;
				CLANG_CXX_LANGUAGE_STANDARD = "gnu++14";
				CLANG_CXX_LIBRARY = "libc++";
				CLANG_ENABLE_MODULES = YES;
				CLANG_ENABLE_OBJC_ARC = YES;
				CLANG_ENABLE_OBJC_WEAK = YES;
				CLANG_WARN_BLOCK_CAPTURE_AUTORELEASING = YES;
				CLANG_WARN_BOOL_CONVERSION = YES;
				CLANG_WARN_COMMA = YES;
				CLANG_WARN_CONSTANT_CONVERSION = YES;
				CLANG_WARN_DEPRECATED_OBJC_IMPLEMENTATIONS = YES;
				CLANG_WARN_DIRECT_OBJC_ISA_USAGE = YES_ERROR;
				CLANG_WARN_DOCUMENTATION_COMMENTS = YES;
				CLANG_WARN_EMPTY_BODY = YES;
				CLANG_WARN_ENUM_CONVERSION = YES;
				CLANG_WARN_INFINITE_RECURSION = YES;
				CLANG_WARN_INT_CONVERSION = YES;
				CLANG_WARN_NON_LITERAL_NULL_CONVERSION = YES;
				CLANG_WARN_OBJC_IMPLICIT_RETAIN_SELF = YES;
				CLANG_WARN_OBJC_LITERAL_CONVERSION = YES;
				CLANG_WARN_OBJC_ROOT_CLASS = YES_ERROR;
				CLANG_WARN_RANGE_LOOP_ANALYSIS = YES;
				CLANG_WARN_STRICT_PROTOTYPES = YES;
				CLANG_WARN_SUSPICIOUS_MOVE = YES;
				CLANG_WARN_UNGUARDED_AVAILABILITY = YES_AGGRESSIVE;
				CLANG_WARN_UNREACHABLE_CODE = YES;
				CLANG_WARN__DUPLICATE_METHOD_MATCH = YES;
				CODE_SIGN_IDENTITY = "iPhone Developer";
				COPY_PHASE_STRIP = NO;
				DEBUG_INFORMATION_FORMAT = dwarf;
				ENABLE_STRICT_OBJC_MSGSEND = YES;
				ENABLE_TESTABILITY = YES;
				GCC_C_LANGUAGE_STANDARD = gnu11;
				GCC_DYNAMIC_NO_PIC = NO;
				GCC_NO_COMMON_BLOCKS = YES;
				GCC_OPTIMIZATION_LEVEL = 0;
				GCC_PREPROCESSOR_DEFINITIONS = (
					"DEBUG=1",
					"$(inherited)",
				);
				GCC_WARN_64_TO_32_BIT_CONVERSION = YES;
				GCC_WARN_ABOUT_RETURN_TYPE = YES_ERROR;
				GCC_WARN_UNDECLARED_SELECTOR = YES;
				GCC_WARN_UNINITIALIZED_AUTOS = YES_AGGRESSIVE;
				GCC_WARN_UNUSED_FUNCTION = YES;
				GCC_WARN_UNUSED_VARIABLE = YES;
				IPHONEOS_DEPLOYMENT_TARGET = 12.4;
				MTL_ENABLE_DEBUG_INFO = INCLUDE_SOURCE;
				MTL_FAST_MATH = YES;
				ONLY_ACTIVE_ARCH = YES;
				SDKROOT = iphoneos;
				SWIFT_ACTIVE_COMPILATION_CONDITIONS = DEBUG;
				SWIFT_OPTIMIZATION_LEVEL = "-Onone";
			};
			name = Debug;
		};
		8409BAAA230179910047B005 /* Release */ = {
			isa = XCBuildConfiguration;
			buildSettings = {
				ALWAYS_SEARCH_USER_PATHS = NO;
				CLANG_ANALYZER_NONNULL = YES;
				CLANG_ANALYZER_NUMBER_OBJECT_CONVERSION = YES_AGGRESSIVE;
				CLANG_CXX_LANGUAGE_STANDARD = "gnu++14";
				CLANG_CXX_LIBRARY = "libc++";
				CLANG_ENABLE_MODULES = YES;
				CLANG_ENABLE_OBJC_ARC = YES;
				CLANG_ENABLE_OBJC_WEAK = YES;
				CLANG_WARN_BLOCK_CAPTURE_AUTORELEASING = YES;
				CLANG_WARN_BOOL_CONVERSION = YES;
				CLANG_WARN_COMMA = YES;
				CLANG_WARN_CONSTANT_CONVERSION = YES;
				CLANG_WARN_DEPRECATED_OBJC_IMPLEMENTATIONS = YES;
				CLANG_WARN_DIRECT_OBJC_ISA_USAGE = YES_ERROR;
				CLANG_WARN_DOCUMENTATION_COMMENTS = YES;
				CLANG_WARN_EMPTY_BODY = YES;
				CLANG_WARN_ENUM_CONVERSION = YES;
				CLANG_WARN_INFINITE_RECURSION = YES;
				CLANG_WARN_INT_CONVERSION = YES;
				CLANG_WARN_NON_LITERAL_NULL_CONVERSION = YES;
				CLANG_WARN_OBJC_IMPLICIT_RETAIN_SELF = YES;
				CLANG_WARN_OBJC_LITERAL_CONVERSION = YES;
				CLANG_WARN_OBJC_ROOT_CLASS = YES_ERROR;
				CLANG_WARN_RANGE_LOOP_ANALYSIS = YES;
				CLANG_WARN_STRICT_PROTOTYPES = YES;
				CLANG_WARN_SUSPICIOUS_MOVE = YES;
				CLANG_WARN_UNGUARDED_AVAILABILITY = YES_AGGRESSIVE;
				CLANG_WARN_UNREACHABLE_CODE = YES;
				CLANG_WARN__DUPLICATE_METHOD_MATCH = YES;
				CODE_SIGN_IDENTITY = "iPhone Developer";
				COPY_PHASE_STRIP = NO;
				DEBUG_INFORMATION_FORMAT = "dwarf-with-dsym";
				ENABLE_NS_ASSERTIONS = NO;
				ENABLE_STRICT_OBJC_MSGSEND = YES;
				GCC_C_LANGUAGE_STANDARD = gnu11;
				GCC_NO_COMMON_BLOCKS = YES;
				GCC_WARN_64_TO_32_BIT_CONVERSION = YES;
				GCC_WARN_ABOUT_RETURN_TYPE = YES_ERROR;
				GCC_WARN_UNDECLARED_SELECTOR = YES;
				GCC_WARN_UNINITIALIZED_AUTOS = YES_AGGRESSIVE;
				GCC_WARN_UNUSED_FUNCTION = YES;
				GCC_WARN_UNUSED_VARIABLE = YES;
				IPHONEOS_DEPLOYMENT_TARGET = 12.4;
				MTL_ENABLE_DEBUG_INFO = NO;
				MTL_FAST_MATH = YES;
				SDKROOT = iphoneos;
				SWIFT_COMPILATION_MODE = wholemodule;
				SWIFT_OPTIMIZATION_LEVEL = "-O";
				VALIDATE_PRODUCT = YES;
			};
			name = Release;
		};
		8409BAAC230179910047B005 /* Debug */ = {
			isa = XCBuildConfiguration;
			buildSettings = {
				ASSETCATALOG_COMPILER_APPICON_NAME = AppIcon;
				CODE_SIGN_STYLE = Automatic;
				DEVELOPMENT_TEAM = BCGT84N7ZJ;
				INFOPLIST_FILE = WorkingWithUIKit4/Info.plist;
				LD_RUNPATH_SEARCH_PATHS = (
					"$(inherited)",
					"@executable_path/Frameworks",
				);
				PRODUCT_BUNDLE_IDENTIFIER = "-23.WorkingWithUIKit4";
				PRODUCT_NAME = "$(TARGET_NAME)";
				SWIFT_VERSION = 5.0;
				TARGETED_DEVICE_FAMILY = "1,2";
			};
			name = Debug;
		};
		8409BAAD230179910047B005 /* Release */ = {
			isa = XCBuildConfiguration;
			buildSettings = {
				ASSETCATALOG_COMPILER_APPICON_NAME = AppIcon;
				CODE_SIGN_STYLE = Automatic;
				DEVELOPMENT_TEAM = BCGT84N7ZJ;
				INFOPLIST_FILE = WorkingWithUIKit4/Info.plist;
				LD_RUNPATH_SEARCH_PATHS = (
					"$(inherited)",
					"@executable_path/Frameworks",
				);
				PRODUCT_BUNDLE_IDENTIFIER = "-23.WorkingWithUIKit4";
				PRODUCT_NAME = "$(TARGET_NAME)";
				SWIFT_VERSION = 5.0;
				TARGETED_DEVICE_FAMILY = "1,2";
			};
			name = Release;
		};
/* End XCBuildConfiguration section */

/* Begin XCConfigurationList section */
		8409BA94230179900047B005 /* Build configuration list for PBXProject "WorkingWithUIKit4" */ = {
			isa = XCConfigurationList;
			buildConfigurations = (
				8409BAA9230179910047B005 /* Debug */,
				8409BAAA230179910047B005 /* Release */,
			);
			defaultConfigurationIsVisible = 0;
			defaultConfigurationName = Release;
		};
		8409BAAB230179910047B005 /* Build configuration list for PBXNativeTarget "WorkingWithUIKit4" */ = {
			isa = XCConfigurationList;
			buildConfigurations = (
				8409BAAC230179910047B005 /* Debug */,
				8409BAAD230179910047B005 /* Release */,
			);
			defaultConfigurationIsVisible = 0;
			defaultConfigurationName = Release;
		};
/* End XCConfigurationList section */
	};
	rootObject = 8409BA91230179900047B005 /* Project object */;
}
